
Microsoft Visual Studio Solution File, Format Version 12.00
# Visual Studio Version 16
VisualStudioVersion = 16.0.31702.278
MinimumVisualStudioVersion = 10.0.40219.1
Project("{FAE04EC0-301F-11D3-BF4B-00C04F79EFBC}") = "GMIS", "GMIS.csproj", "{7D4AFF0E-AD85-4C18-B176-AE2E6803561B}"
EndProject
Global
	GlobalSection(SolutionConfigurationPlatforms) = preSolution
		Debug|Any CPU = Debug|Any CPU
		Release|Any CPU = Release|Any CPU
	EndGlobalSection
	GlobalSection(ProjectConfigurationPlatforms) = postSolution
		{7D4AFF0E-AD85-4C18-B176-AE2E6803561B}.Debug|Any CPU.ActiveCfg = Debug|Any CPU
		{7D4AFF0E-AD85-4C18-B176-AE2E6803561B}.Debug|Any CPU.Build.0 = Debug|Any CPU
		{7D4AFF0E-AD85-4C18-B176-AE2E6803561B}.Release|Any CPU.ActiveCfg = Release|Any CPU
		{7D4AFF0E-AD85-4C18-B176-AE2E6803561B}.Release|Any CPU.Build.0 = Release|Any CPU
	EndGlobalSection
	GlobalSection(SolutionProperties) = preSolution
		HideSolutionNode = FALSE
	EndGlobalSection
	GlobalSection(ExtensibilityGlobals) = postSolution
		SolutionGuid = {9904089A-DF9B-4D3A-9A0A-47BF40728C20}
	EndGlobalSection
EndGlobal
